// !$*UTF8*$!
{
	archiveVersion = 1;
	classes = {
	};
	objectVersion = 56;
	objects = {

/* Begin PBXBuildFile section */
		34C944F32D75BDA40068D2C6 /* LandmarksApp.swift in Sources */ = {isa = PBXBuildFile; fileRef = 34C944F22D75BDA40068D2C6 /* LandmarksApp.swift */; };
		34C944F52D75BDA40068D2C6 /* ContentView.swift in Sources */ = {isa = PBXBuildFile; fileRef = 34C944F42D75BDA40068D2C6 /* ContentView.swift */; };
		34C944F72D75BDA50068D2C6 /* Assets.xcassets in Resources */ = {isa = PBXBuildFile; fileRef = 34C944F62D75BDA50068D2C6 /* Assets.xcassets */; };
		34C944FA2D75BDA50068D2C6 /* Preview Assets.xcassets in Resources */ = {isa = PBXBuildFile; fileRef = 34C944F92D75BDA50068D2C6 /* Preview Assets.xcassets */; };
		34C945012D75C1CD0068D2C6 /* CircleImage.swift in Sources */ = {isa = PBXBuildFile; fileRef = 34C945002D75C1CD0068D2C6 /* CircleImage.swift */; };
		34C945032D75C2AC0068D2C6 /* MapView.swift in Sources */ = {isa = PBXBuildFile; fileRef = 34C945022D75C2AC0068D2C6 /* MapView.swift */; };
		34C945142D75C84C0068D2C6 /* charleyrivers@2x.jpg in Resources */ = {isa = PBXBuildFile; fileRef = 34C945042D75C84C0068D2C6 /* charleyrivers@2x.jpg */; };
		34C945152D75C84C0068D2C6 /* chilkoottrail@2x.jpg in Resources */ = {isa = PBXBuildFile; fileRef = 34C945052D75C84C0068D2C6 /* chilkoottrail@2x.jpg */; };
		34C945162D75C84C0068D2C6 /* chincoteague@2x.jpg in Resources */ = {isa = PBXBuildFile; fileRef = 34C945062D75C84C0068D2C6 /* chincoteague@2x.jpg */; };
		34C945172D75C84C0068D2C6 /* hiddenlake@2x.jpg in Resources */ = {isa = PBXBuildFile; fileRef = 34C945072D75C84C0068D2C6 /* hiddenlake@2x.jpg */; };
		34C945182D75C84C0068D2C6 /* icybay@2x.jpg in Resources */ = {isa = PBXBuildFile; fileRef = 34C945082D75C84C0068D2C6 /* icybay@2x.jpg */; };
		34C945192D75C84C0068D2C6 /* lakemcdonald@2x.jpg in Resources */ = {isa = PBXBuildFile; fileRef = 34C945092D75C84C0068D2C6 /* lakemcdonald@2x.jpg */; };
		34C9451A2D75C84C0068D2C6 /* rainbowlake@2x.jpg in Resources */ = {isa = PBXBuildFile; fileRef = 34C9450A2D75C84C0068D2C6 /* rainbowlake@2x.jpg */; };
		34C9451B2D75C84C0068D2C6 /* silversalmoncreek@2x.jpg in Resources */ = {isa = PBXBuildFile; fileRef = 34C9450B2D75C84C0068D2C6 /* silversalmoncreek@2x.jpg */; };
		34C9451C2D75C84C0068D2C6 /* stmarylake@2x.jpg in Resources */ = {isa = PBXBuildFile; fileRef = 34C9450C2D75C84C0068D2C6 /* stmarylake@2x.jpg */; };
		34C9451D2D75C84C0068D2C6 /* twinlake@2x.jpg in Resources */ = {isa = PBXBuildFile; fileRef = 34C9450D2D75C84C0068D2C6 /* twinlake@2x.jpg */; };
		34C9451E2D75C84C0068D2C6 /* umbagog@2x.jpg in Resources */ = {isa = PBXBuildFile; fileRef = 34C9450E2D75C84C0068D2C6 /* umbagog@2x.jpg */; };
		34C9451F2D75C84C0068D2C6 /* LICENSE.txt in Resources */ = {isa = PBXBuildFile; fileRef = 34C945102D75C84C0068D2C6 /* LICENSE.txt */; };
		34C945202D75C84C0068D2C6 /* landmarkData.json in Resources */ = {isa = PBXBuildFile; fileRef = 34C945122D75C84C0068D2C6 /* landmarkData.json */; };
		34C945222D75C8990068D2C6 /* Landmark.swift in Sources */ = {isa = PBXBuildFile; fileRef = 34C945212D75C8990068D2C6 /* Landmark.swift */; };
/* End PBXBuildFile section */

/* Begin PBXFileReference section */
		34C944EF2D75BDA40068D2C6 /* Landmarks.app */ = {isa = PBXFileReference; explicitFileType = wrapper.application; includeInIndex = 0; path = Landmarks.app; sourceTree = BUILT_PRODUCTS_DIR; };
		34C944F22D75BDA40068D2C6 /* LandmarksApp.swift */ = {isa = PBXFileReference; lastKnownFileType = sourcecode.swift; path = LandmarksApp.swift; sourceTree = "<group>"; };
		34C944F42D75BDA40068D2C6 /* ContentView.swift */ = {isa = PBXFileReference; lastKnownFileType = sourcecode.swift; path = ContentView.swift; sourceTree = "<group>"; };
		34C944F62D75BDA50068D2C6 /* Assets.xcassets */ = {isa = PBXFileReference; lastKnownFileType = folder.assetcatalog; path = Assets.xcassets; sourceTree = "<group>"; };
		34C944F92D75BDA50068D2C6 /* Preview Assets.xcassets */ = {isa = PBXFileReference; lastKnownFileType = folder.assetcatalog; path = "Preview Assets.xcassets"; sourceTree = "<group>"; };
		34C945002D75C1CD0068D2C6 /* CircleImage.swift */ = {isa = PBXFileReference; lastKnownFileType = sourcecode.swift; path = CircleImage.swift; sourceTree = "<group>"; };
		34C945022D75C2AC0068D2C6 /* MapView.swift */ = {isa = PBXFileReference; lastKnownFileType = sourcecode.swift; path = MapView.swift; sourceTree = "<group>"; };
		34C945042D75C84C0068D2C6 /* charleyrivers@2x.jpg */ = {isa = PBXFileReference; lastKnownFileType = image.jpeg; path = "charleyrivers@2x.jpg"; sourceTree = "<group>"; };
		34C945052D75C84C0068D2C6 /* chilkoottrail@2x.jpg */ = {isa = PBXFileReference; lastKnownFileType = image.jpeg; path = "chilkoottrail@2x.jpg"; sourceTree = "<group>"; };
		34C945062D75C84C0068D2C6 /* chincoteague@2x.jpg */ = {isa = PBXFileReference; lastKnownFileType = image.jpeg; path = "chincoteague@2x.jpg"; sourceTree = "<group>"; };
		34C945072D75C84C0068D2C6 /* hiddenlake@2x.jpg */ = {isa = PBXFileReference; lastKnownFileType = image.jpeg; path = "hiddenlake@2x.jpg"; sourceTree = "<group>"; };
		34C945082D75C84C0068D2C6 /* icybay@2x.jpg */ = {isa = PBXFileReference; lastKnownFileType = image.jpeg; path = "icybay@2x.jpg"; sourceTree = "<group>"; };
		34C945092D75C84C0068D2C6 /* lakemcdonald@2x.jpg */ = {isa = PBXFileReference; lastKnownFileType = image.jpeg; path = "lakemcdonald@2x.jpg"; sourceTree = "<group>"; };
		34C9450A2D75C84C0068D2C6 /* rainbowlake@2x.jpg */ = {isa = PBXFileReference; lastKnownFileType = image.jpeg; path = "rainbowlake@2x.jpg"; sourceTree = "<group>"; };
		34C9450B2D75C84C0068D2C6 /* silversalmoncreek@2x.jpg */ = {isa = PBXFileReference; lastKnownFileType = image.jpeg; path = "silversalmoncreek@2x.jpg"; sourceTree = "<group>"; };
		34C9450C2D75C84C0068D2C6 /* stmarylake@2x.jpg */ = {isa = PBXFileReference; lastKnownFileType = image.jpeg; path = "stmarylake@2x.jpg"; sourceTree = "<group>"; };
		34C9450D2D75C84C0068D2C6 /* twinlake@2x.jpg */ = {isa = PBXFileReference; lastKnownFileType = image.jpeg; path = "twinlake@2x.jpg"; sourceTree = "<group>"; };
		34C9450E2D75C84C0068D2C6 /* umbagog@2x.jpg */ = {isa = PBXFileReference; lastKnownFileType = image.jpeg; path = "umbagog@2x.jpg"; sourceTree = "<group>"; };
		34C945102D75C84C0068D2C6 /* LICENSE.txt */ = {isa = PBXFileReference; fileEncoding = 4; lastKnownFileType = text; path = LICENSE.txt; sourceTree = "<group>"; };
		34C945122D75C84C0068D2C6 /* landmarkData.json */ = {isa = PBXFileReference; fileEncoding = 4; lastKnownFileType = text.json; path = landmarkData.json; sourceTree = "<group>"; };
		34C945212D75C8990068D2C6 /* Landmark.swift */ = {isa = PBXFileReference; lastKnownFileType = sourcecode.swift; path = Landmark.swift; sourceTree = "<group>"; };
/* End PBXFileReference section */

/* Begin PBXFrameworksBuildPhase section */
		34C944EC2D75BDA40068D2C6 /* Frameworks */ = {
			isa = PBXFrameworksBuildPhase;
			buildActionMask = 2147483647;
			files = (
			);
			runOnlyForDeploymentPostprocessing = 0;
		};
/* End PBXFrameworksBuildPhase section */

/* Begin PBXGroup section */
		34C944E62D75BDA40068D2C6 = {
			isa = PBXGroup;
			children = (
				34C944F12D75BDA40068D2C6 /* Landmarks */,
				34C944F02D75BDA40068D2C6 /* Products */,
			);
			sourceTree = "<group>";
		};
		34C944F02D75BDA40068D2C6 /* Products */ = {
			isa = PBXGroup;
			children = (
				34C944EF2D75BDA40068D2C6 /* Landmarks.app */,
			);
			name = Products;
			sourceTree = "<group>";
		};
		34C944F12D75BDA40068D2C6 /* Landmarks */ = {
			isa = PBXGroup;
			children = (
				34C945132D75C84C0068D2C6 /* Resources */,
				34C945002D75C1CD0068D2C6 /* CircleImage.swift */,
				34C944F22D75BDA40068D2C6 /* LandmarksApp.swift */,
				34C944F42D75BDA40068D2C6 /* ContentView.swift */,
				34C944F62D75BDA50068D2C6 /* Assets.xcassets */,
				34C944F82D75BDA50068D2C6 /* Preview Content */,
				34C945022D75C2AC0068D2C6 /* MapView.swift */,
				34C945212D75C8990068D2C6 /* Landmark.swift */,
			);
			path = Landmarks;
			sourceTree = "<group>";
		};
		34C944F82D75BDA50068D2C6 /* Preview Content */ = {
			isa = PBXGroup;
			children = (
				34C944F92D75BDA50068D2C6 /* Preview Assets.xcassets */,
			);
			path = "Preview Content";
			sourceTree = "<group>";
		};
		34C9450F2D75C84C0068D2C6 /* Images */ = {
			isa = PBXGroup;
			children = (
				34C945042D75C84C0068D2C6 /* charleyrivers@2x.jpg */,
				34C945052D75C84C0068D2C6 /* chilkoottrail@2x.jpg */,
				34C945062D75C84C0068D2C6 /* chincoteague@2x.jpg */,
				34C945072D75C84C0068D2C6 /* hiddenlake@2x.jpg */,
				34C945082D75C84C0068D2C6 /* icybay@2x.jpg */,
				34C945092D75C84C0068D2C6 /* lakemcdonald@2x.jpg */,
				34C9450A2D75C84C0068D2C6 /* rainbowlake@2x.jpg */,
				34C9450B2D75C84C0068D2C6 /* silversalmoncreek@2x.jpg */,
				34C9450C2D75C84C0068D2C6 /* stmarylake@2x.jpg */,
				34C9450D2D75C84C0068D2C6 /* twinlake@2x.jpg */,
				34C9450E2D75C84C0068D2C6 /* umbagog@2x.jpg */,
			);
			path = Images;
			sourceTree = "<group>";
		};
		34C945112D75C84C0068D2C6 /* LICENSE */ = {
			isa = PBXGroup;
			children = (
				34C945102D75C84C0068D2C6 /* LICENSE.txt */,
			);
			path = LICENSE;
			sourceTree = "<group>";
		};
		34C945132D75C84C0068D2C6 /* Resources */ = {
			isa = PBXGroup;
			children = (
				34C9450F2D75C84C0068D2C6 /* Images */,
				34C945112D75C84C0068D2C6 /* LICENSE */,
				34C945122D75C84C0068D2C6 /* landmarkData.json */,
			);
			path = Resources;
			sourceTree = "<group>";
		};
/* End PBXGroup section */

/* Begin PBXNativeTarget section */
		34C944EE2D75BDA40068D2C6 /* Landmarks */ = {
			isa = PBXNativeTarget;
			buildConfigurationList = 34C944FD2D75BDA50068D2C6 /* Build configuration list for PBXNativeTarget "Landmarks" */;
			buildPhases = (
				34C944EB2D75BDA40068D2C6 /* Sources */,
				34C944EC2D75BDA40068D2C6 /* Frameworks */,
				34C944ED2D75BDA40068D2C6 /* Resources */,
			);
			buildRules = (
			);
			dependencies = (
			);
			name = Landmarks;
			productName = Landmarks;
			productReference = 34C944EF2D75BDA40068D2C6 /* Landmarks.app */;
			productType = "com.apple.product-type.application";
		};
/* End PBXNativeTarget section */

/* Begin PBXProject section */
		34C944E72D75BDA40068D2C6 /* Project object */ = {
			isa = PBXProject;
			attributes = {
				BuildIndependentTargetsInParallel = 1;
				LastSwiftUpdateCheck = 1540;
				LastUpgradeCheck = 1540;
				TargetAttributes = {
					34C944EE2D75BDA40068D2C6 = {
						CreatedOnToolsVersion = 15.4;
					};
				};
			};
			buildConfigurationList = 34C944EA2D75BDA40068D2C6 /* Build configuration list for PBXProject "Landmarks" */;
			compatibilityVersion = "Xcode 14.0";
			developmentRegion = en;
			hasScannedForEncodings = 0;
			knownRegions = (
				en,
				Base,
			);
			mainGroup = 34C944E62D75BDA40068D2C6;
			productRefGroup = 34C944F02D75BDA40068D2C6 /* Products */;
			projectDirPath = "";
			projectRoot = "";
			targets = (
				34C944EE2D75BDA40068D2C6 /* Landmarks */,
			);
		};
/* End PBXProject section */

/* Begin PBXResourcesBuildPhase section */
		34C944ED2D75BDA40068D2C6 /* Resources */ = {
			isa = PBXResourcesBuildPhase;
			buildActionMask = 2147483647;
			files = (
				34C9451C2D75C84C0068D2C6 /* stmarylake@2x.jpg in Resources */,
				34C9451B2D75C84C0068D2C6 /* silversalmoncreek@2x.jpg in Resources */,
				34C944FA2D75BDA50068D2C6 /* Preview Assets.xcassets in Resources */,
				34C9451D2D75C84C0068D2C6 /* twinlake@2x.jpg in Resources */,
				34C944F72D75BDA50068D2C6 /* Assets.xcassets in Resources */,
				34C945152D75C84C0068D2C6 /* chilkoottrail@2x.jpg in Resources */,
				34C9451F2D75C84C0068D2C6 /* LICENSE.txt in Resources */,
				34C945192D75C84C0068D2C6 /* lakemcdonald@2x.jpg in Resources */,
				34C945202D75C84C0068D2C6 /* landmarkData.json in Resources */,
				34C9451A2D75C84C0068D2C6 /* rainbowlake@2x.jpg in Resources */,
				34C9451E2D75C84C0068D2C6 /* umbagog@2x.jpg in Resources */,
				34C945172D75C84C0068D2C6 /* hiddenlake@2x.jpg in Resources */,
				34C945182D75C84C0068D2C6 /* icybay@2x.jpg in Resources */,
				34C945162D75C84C0068D2C6 /* chincoteague@2x.jpg in Resources */,
				34C945142D75C84C0068D2C6 /* charleyrivers@2x.jpg in Resources */,
			);
			runOnlyForDeploymentPostprocessing = 0;
		};
/* End PBXResourcesBuildPhase section */

/* Begin PBXSourcesBuildPhase section */
		34C944EB2D75BDA40068D2C6 /* Sources */ = {
			isa = PBXSourcesBuildPhase;
			buildActionMask = 2147483647;
			files = (
				34C944F52D75BDA40068D2C6 /* ContentView.swift in Sources */,
				34C945032D75C2AC0068D2C6 /* MapView.swift in Sources */,
				34C944F32D75BDA40068D2C6 /* LandmarksApp.swift in Sources */,
				34C945012D75C1CD0068D2C6 /* CircleImage.swift in Sources */,
				34C945222D75C8990068D2C6 /* Landmark.swift in Sources */,
			);
			runOnlyForDeploymentPostprocessing = 0;
		};
/* End PBXSourcesBuildPhase section */

/* Begin XCBuildConfiguration section */
		34C944FB2D75BDA50068D2C6 /* Debug */ = {
			isa = XCBuildConfiguration;
			buildSettings = {
				ALWAYS_SEARCH_USER_PATHS = NO;
				ASSETCATALOG_COMPILER_GENERATE_SWIFT_ASSET_SYMBOL_EXTENSIONS = YES;
				CLANG_ANALYZER_NONNULL = YES;
				CLANG_ANALYZER_NUMBER_OBJECT_CONVERSION = YES_AGGRESSIVE;
				CLANG_CXX_LANGUAGE_STANDARD = "gnu++20";
				CLANG_ENABLE_MODULES = YES;
				CLANG_ENABLE_OBJC_ARC = YES;
				CLANG_ENABLE_OBJC_WEAK = YES;
				CLANG_WARN_BLOCK_CAPTURE_AUTORELEASING = YES;
				CLANG_WARN_BOOL_CONVERSION = YES;
				CLANG_WARN_COMMA = YES;
				CLANG_WARN_CONSTANT_CONVERSION = YES;
				CLANG_WARN_DEPRECATED_OBJC_IMPLEMENTATIONS = YES;
				CLANG_WARN_DIRECT_OBJC_ISA_USAGE = YES_ERROR;
				CLANG_WARN_DOCUMENTATION_COMMENTS = YES;
				CLANG_WARN_EMPTY_BODY = YES;
				CLANG_WARN_ENUM_CONVERSION = YES;
				CLANG_WARN_INFINITE_RECURSION = YES;
				CLANG_WARN_INT_CONVERSION = YES;
				CLANG_WARN_NON_LITERAL_NULL_CONVERSION = YES;
				CLANG_WARN_OBJC_IMPLICIT_RETAIN_SELF = YES;
				CLANG_WARN_OBJC_LITERAL_CONVERSION = YES;
				CLANG_WARN_OBJC_ROOT_CLASS = YES_ERROR;
				CLANG_WARN_QUOTED_INCLUDE_IN_FRAMEWORK_HEADER = YES;
				CLANG_WARN_RANGE_LOOP_ANALYSIS = YES;
				CLANG_WARN_STRICT_PROTOTYPES = YES;
				CLANG_WARN_SUSPICIOUS_MOVE = YES;
				CLANG_WARN_UNGUARDED_AVAILABILITY = YES_AGGRESSIVE;
				CLANG_WARN_UNREACHABLE_CODE = YES;
				CLANG_WARN__DUPLICATE_METHOD_MATCH = YES;
				COPY_PHASE_STRIP = NO;
				DEBUG_INFORMATION_FORMAT = dwarf;
				ENABLE_STRICT_OBJC_MSGSEND = YES;
				ENABLE_TESTABILITY = YES;
				ENABLE_USER_SCRIPT_SANDBOXING = YES;
				GCC_C_LANGUAGE_STANDARD = gnu17;
				GCC_DYNAMIC_NO_PIC = NO;
				GCC_NO_COMMON_BLOCKS = YES;
				GCC_OPTIMIZATION_LEVEL = 0;
				GCC_PREPROCESSOR_DEFINITIONS = (
					"DEBUG=1",
					"$(inherited)",
				);
				GCC_WARN_64_TO_32_BIT_CONVERSION = YES;
				GCC_WARN_ABOUT_RETURN_TYPE = YES_ERROR;
				GCC_WARN_UNDECLARED_SELECTOR = YES;
				GCC_WARN_UNINITIALIZED_AUTOS = YES_AGGRESSIVE;
				GCC_WARN_UNUSED_FUNCTION = YES;
				GCC_WARN_UNUSED_VARIABLE = YES;
				IPHONEOS_DEPLOYMENT_TARGET = 17.5;
				LOCALIZATION_PREFERS_STRING_CATALOGS = YES;
				MTL_ENABLE_DEBUG_INFO = INCLUDE_SOURCE;
				MTL_FAST_MATH = YES;
				ONLY_ACTIVE_ARCH = YES;
				SDKROOT = iphoneos;
				SWIFT_ACTIVE_COMPILATION_CONDITIONS = "DEBUG $(inherited)";
				SWIFT_OPTIMIZATION_LEVEL = "-Onone";
			};
			name = Debug;
		};
		34C944FC2D75BDA50068D2C6 /* Release */ = {
			isa = XCBuildConfiguration;
			buildSettings = {
				ALWAYS_SEARCH_USER_PATHS = NO;
				ASSETCATALOG_COMPILER_GENERATE_SWIFT_ASSET_SYMBOL_EXTENSIONS = YES;
				CLANG_ANALYZER_NONNULL = YES;
				CLANG_ANALYZER_NUMBER_OBJECT_CONVERSION = YES_AGGRESSIVE;
				CLANG_CXX_LANGUAGE_STANDARD = "gnu++20";
				CLANG_ENABLE_MODULES = YES;
				CLANG_ENABLE_OBJC_ARC = YES;
				CLANG_ENABLE_OBJC_WEAK = YES;
				CLANG_WARN_BLOCK_CAPTURE_AUTORELEASING = YES;
				CLANG_WARN_BOOL_CONVERSION = YES;
				CLANG_WARN_COMMA = YES;
				CLANG_WARN_CONSTANT_CONVERSION = YES;
				CLANG_WARN_DEPRECATED_OBJC_IMPLEMENTATIONS = YES;
				CLANG_WARN_DIRECT_OBJC_ISA_USAGE = YES_ERROR;
				CLANG_WARN_DOCUMENTATION_COMMENTS = YES;
				CLANG_WARN_EMPTY_BODY = YES;
				CLANG_WARN_ENUM_CONVERSION = YES;
				CLANG_WARN_INFINITE_RECURSION = YES;
				CLANG_WARN_INT_CONVERSION = YES;
				CLANG_WARN_NON_LITERAL_NULL_CONVERSION = YES;
				CLANG_WARN_OBJC_IMPLICIT_RETAIN_SELF = YES;
				CLANG_WARN_OBJC_LITERAL_CONVERSION = YES;
				CLANG_WARN_OBJC_ROOT_CLASS = YES_ERROR;
				CLANG_WARN_QUOTED_INCLUDE_IN_FRAMEWORK_HEADER = YES;
				CLANG_WARN_RANGE_LOOP_ANALYSIS = YES;
				CLANG_WARN_STRICT_PROTOTYPES = YES;
				CLANG_WARN_SUSPICIOUS_MOVE = YES;
				CLANG_WARN_UNGUARDED_AVAILABILITY = YES_AGGRESSIVE;
				CLANG_WARN_UNREACHABLE_CODE = YES;
				CLANG_WARN__DUPLICATE_METHOD_MATCH = YES;
				COPY_PHASE_STRIP = NO;
				DEBUG_INFORMATION_FORMAT = "dwarf-with-dsym";
				ENABLE_NS_ASSERTIONS = NO;
				ENABLE_STRICT_OBJC_MSGSEND = YES;
				ENABLE_USER_SCRIPT_SANDBOXING = YES;
				GCC_C_LANGUAGE_STANDARD = gnu17;
				GCC_NO_COMMON_BLOCKS = YES;
				GCC_WARN_64_TO_32_BIT_CONVERSION = YES;
				GCC_WARN_ABOUT_RETURN_TYPE = YES_ERROR;
				GCC_WARN_UNDECLARED_SELECTOR = YES;
				GCC_WARN_UNINITIALIZED_AUTOS = YES_AGGRESSIVE;
				GCC_WARN_UNUSED_FUNCTION = YES;
				GCC_WARN_UNUSED_VARIABLE = YES;
				IPHONEOS_DEPLOYMENT_TARGET = 17.5;
				LOCALIZATION_PREFERS_STRING_CATALOGS = YES;
				MTL_ENABLE_DEBUG_INFO = NO;
				MTL_FAST_MATH = YES;
				SDKROOT = iphoneos;
				SWIFT_COMPILATION_MODE = wholemodule;
				VALIDATE_PRODUCT = YES;
			};
			name = Release;
		};
		34C944FE2D75BDA50068D2C6 /* Debug */ = {
			isa = XCBuildConfiguration;
			buildSettings = {
				ASSETCATALOG_COMPILER_APPICON_NAME = AppIcon;
				ASSETCATALOG_COMPILER_GLOBAL_ACCENT_COLOR_NAME = AccentColor;
				CODE_SIGN_STYLE = Automatic;
				CURRENT_PROJECT_VERSION = 1;
				DEVELOPMENT_ASSET_PATHS = "\"Landmarks/Preview Content\"";
				DEVELOPMENT_TEAM = LCX7GK5VXP;
				ENABLE_PREVIEWS = YES;
				GENERATE_INFOPLIST_FILE = YES;
				INFOPLIST_KEY_UIApplicationSceneManifest_Generation = YES;
				INFOPLIST_KEY_UIApplicationSupportsIndirectInputEvents = YES;
				INFOPLIST_KEY_UILaunchScreen_Generation = YES;
				INFOPLIST_KEY_UISupportedInterfaceOrientations_iPad = "UIInterfaceOrientationPortrait UIInterfaceOrientationPortraitUpsideDown UIInterfaceOrientationLandscapeLeft UIInterfaceOrientationLandscapeRight";
				INFOPLIST_KEY_UISupportedInterfaceOrientations_iPhone = "UIInterfaceOrientationPortrait UIInterfaceOrientationLandscapeLeft UIInterfaceOrientationLandscapeRight";
				LD_RUNPATH_SEARCH_PATHS = (
					"$(inherited)",
					"@executable_path/Frameworks",
				);
				MARKETING_VERSION = 1.0;
				PRODUCT_BUNDLE_IDENTIFIER = com.metehanolgun.Landmarks;
				PRODUCT_NAME = "$(TARGET_NAME)";
				SWIFT_EMIT_LOC_STRINGS = YES;
				SWIFT_VERSION = 5.0;
				TARGETED_DEVICE_FAMILY = "1,2";
			};
			name = Debug;
		};
		34C944FF2D75BDA50068D2C6 /* Release */ = {
			isa = XCBuildConfiguration;
			buildSettings = {
				ASSETCATALOG_COMPILER_APPICON_NAME = AppIcon;
				ASSETCATALOG_COMPILER_GLOBAL_ACCENT_COLOR_NAME = AccentColor;
				CODE_SIGN_STYLE = Automatic;
				CURRENT_PROJECT_VERSION = 1;
				DEVELOPMENT_ASSET_PATHS = "\"Landmarks/Preview Content\"";
				DEVELOPMENT_TEAM = LCX7GK5VXP;
				ENABLE_PREVIEWS = YES;
				GENERATE_INFOPLIST_FILE = YES;
				INFOPLIST_KEY_UIApplicationSceneManifest_Generation = YES;
				INFOPLIST_KEY_UIApplicationSupportsIndirectInputEvents = YES;
				INFOPLIST_KEY_UILaunchScreen_Generation = YES;
				INFOPLIST_KEY_UISupportedInterfaceOrientations_iPad = "UIInterfaceOrientationPortrait UIInterfaceOrientationPortraitUpsideDown UIInterfaceOrientationLandscapeLeft UIInterfaceOrientationLandscapeRight";
				INFOPLIST_KEY_UISupportedInterfaceOrientations_iPhone = "UIInterfaceOrientationPortrait UIInterfaceOrientationLandscapeLeft UIInterfaceOrientationLandscapeRight";
				LD_RUNPATH_SEARCH_PATHS = (
					"$(inherited)",
					"@executable_path/Frameworks",
				);
				MARKETING_VERSION = 1.0;
				PRODUCT_BUNDLE_IDENTIFIER = com.metehanolgun.Landmarks;
				PRODUCT_NAME = "$(TARGET_NAME)";
				SWIFT_EMIT_LOC_STRINGS = YES;
				SWIFT_VERSION = 5.0;
				TARGETED_DEVICE_FAMILY = "1,2";
			};
			name = Release;
		};
/* End XCBuildConfiguration section */

/* Begin XCConfigurationList section */
		34C944EA2D75BDA40068D2C6 /* Build configuration list for PBXProject "Landmarks" */ = {
			isa = XCConfigurationList;
			buildConfigurations = (
				34C944FB2D75BDA50068D2C6 /* Debug */,
				34C944FC2D75BDA50068D2C6 /* Release */,
			);
			defaultConfigurationIsVisible = 0;
			defaultConfigurationName = Release;
		};
		34C944FD2D75BDA50068D2C6 /* Build configuration list for PBXNativeTarget "Landmarks" */ = {
			isa = XCConfigurationList;
			buildConfigurations = (
				34C944FE2D75BDA50068D2C6 /* Debug */,
				34C944FF2D75BDA50068D2C6 /* Release */,
			);
			defaultConfigurationIsVisible = 0;
			defaultConfigurationName = Release;
		};
/* End XCConfigurationList section */
	};
	rootObject = 34C944E72D75BDA40068D2C6 /* Project object */;
}
